
Microsoft Visual Studio Solution File, Format Version 12.00
# Visual Studio Version 17
VisualStudioVersion = 17.9.34728.123
MinimumVisualStudioVersion = 10.0.40219.1
Project("{FAE04EC0-301F-11D3-BF4B-00C04F79EFBC}") = "Exercicio6", "Exercicio6\Exercicio6.csproj", "{DB4B742A-951C-4588-A58E-2A1C3526F4C9}"
EndProject
Global
	GlobalSection(SolutionConfigurationPlatforms) = preSolution
		Debug|Any CPU = Debug|Any CPU
		Release|Any CPU = Release|Any CPU
	EndGlobalSection
	GlobalSection(ProjectConfigurationPlatforms) = postSolution
		{DB4B742A-951C-4588-A58E-2A1C3526F4C9}.Debug|Any CPU.ActiveCfg = Debug|Any CPU
		{DB4B742A-951C-4588-A58E-2A1C3526F4C9}.Debug|Any CPU.Build.0 = Debug|Any CPU
		{DB4B742A-951C-4588-A58E-2A1C3526F4C9}.Release|Any CPU.ActiveCfg = Release|Any CPU
		{DB4B742A-951C-4588-A58E-2A1C3526F4C9}.Release|Any CPU.Build.0 = Release|Any CPU
	EndGlobalSection
	GlobalSection(SolutionProperties) = preSolution
		HideSolutionNode = FALSE
	EndGlobalSection
	GlobalSection(ExtensibilityGlobals) = postSolution
		SolutionGuid = {ACD86F69-9C8E-40B9-A417-BE4458F83342}
	EndGlobalSection
EndGlobal
